
Microsoft Visual Studio Solution File, Format Version 12.00
# Visual Studio Version 16
VisualStudioVersion = 16.0.29025.244
MinimumVisualStudioVersion = 10.0.40219.1
Project("{FAE04EC0-301F-11D3-BF4B-00C04F79EFBC}") = "TimeTrackingSystem", "TimeTrackingSystem\TimeTrackingSystem.csproj", "{44C41F39-7BF5-41CD-9699-C50B281A4A97}"
EndProject
Global
	GlobalSection(SolutionConfigurationPlatforms) = preSolution
		Debug|Any CPU = Debug|Any CPU
		Release|Any CPU = Release|Any CPU
	EndGlobalSection
	GlobalSection(ProjectConfigurationPlatforms) = postSolution
		{44C41F39-7BF5-41CD-9699-C50B281A4A97}.Debug|Any CPU.ActiveCfg = Debug|Any CPU
		{44C41F39-7BF5-41CD-9699-C50B281A4A97}.Debug|Any CPU.Build.0 = Debug|Any CPU
		{44C41F39-7BF5-41CD-9699-C50B281A4A97}.Release|Any CPU.ActiveCfg = Release|Any CPU
		{44C41F39-7BF5-41CD-9699-C50B281A4A97}.Release|Any CPU.Build.0 = Release|Any CPU
	EndGlobalSection
	GlobalSection(SolutionProperties) = preSolution
		HideSolutionNode = FALSE
	EndGlobalSection
	GlobalSection(ExtensibilityGlobals) = postSolution
		SolutionGuid = {98B383F6-DED9-4413-889B-5D309F16AC86}
	EndGlobalSection
EndGlobal
